// !$*UTF8*$!
{
	archiveVersion = 1;
	classes = {
	};
	objectVersion = 55;
	objects = {

/* Begin PBXBuildFile section */
		9523067E271A321500A185AC /* AppDelegate.swift in Sources */ = {isa = PBXBuildFile; fileRef = 9523067D271A321500A185AC /* AppDelegate.swift */; };
		95230680271A321500A185AC /* SceneDelegate.swift in Sources */ = {isa = PBXBuildFile; fileRef = 9523067F271A321500A185AC /* SceneDelegate.swift */; };
		95230682271A321500A185AC /* ViewController.swift in Sources */ = {isa = PBXBuildFile; fileRef = 95230681271A321500A185AC /* ViewController.swift */; };
		95230687271A321600A185AC /* Assets.xcassets in Resources */ = {isa = PBXBuildFile; fileRef = 95230686271A321600A185AC /* Assets.xcassets */; };
		95230695271A353B00A185AC /* Organization.swift in Sources */ = {isa = PBXBuildFile; fileRef = 95230694271A353B00A185AC /* Organization.swift */; };
		95230697271A35CA00A185AC /* DataSourceProtocol.swift in Sources */ = {isa = PBXBuildFile; fileRef = 95230696271A35CA00A185AC /* DataSourceProtocol.swift */; };
		95230699271A35FC00A185AC /* RemoteDataSource.swift in Sources */ = {isa = PBXBuildFile; fileRef = 95230698271A35FC00A185AC /* RemoteDataSource.swift */; };
		9523069B271A362200A185AC /* MockDataSource.swift in Sources */ = {isa = PBXBuildFile; fileRef = 9523069A271A362200A185AC /* MockDataSource.swift */; };
		9523069D271A36CB00A185AC /* OrganizationListVC.swift in Sources */ = {isa = PBXBuildFile; fileRef = 9523069C271A36CB00A185AC /* OrganizationListVC.swift */; };
		ED4F096C13715682D44674DB /* Pods_donAIte.framework in Frameworks */ = {isa = PBXBuildFile; fileRef = D781FD8C50FAAA637636FB90 /* Pods_donAIte.framework */; };
/* End PBXBuildFile section */

/* Begin PBXFileReference section */
		9523067A271A321500A185AC /* donAIte.app */ = {isa = PBXFileReference; explicitFileType = wrapper.application; includeInIndex = 0; path = donAIte.app; sourceTree = BUILT_PRODUCTS_DIR; };
		9523067D271A321500A185AC /* AppDelegate.swift */ = {isa = PBXFileReference; lastKnownFileType = sourcecode.swift; path = AppDelegate.swift; sourceTree = "<group>"; };
		9523067F271A321500A185AC /* SceneDelegate.swift */ = {isa = PBXFileReference; lastKnownFileType = sourcecode.swift; path = SceneDelegate.swift; sourceTree = "<group>"; };
		95230681271A321500A185AC /* ViewController.swift */ = {isa = PBXFileReference; lastKnownFileType = sourcecode.swift; path = ViewController.swift; sourceTree = "<group>"; };
		95230686271A321600A185AC /* Assets.xcassets */ = {isa = PBXFileReference; lastKnownFileType = folder.assetcatalog; path = Assets.xcassets; sourceTree = "<group>"; };
		9523068B271A321600A185AC /* Info.plist */ = {isa = PBXFileReference; lastKnownFileType = text.plist.xml; path = Info.plist; sourceTree = "<group>"; };
		95230694271A353B00A185AC /* Organization.swift */ = {isa = PBXFileReference; lastKnownFileType = sourcecode.swift; path = Organization.swift; sourceTree = "<group>"; };
		95230696271A35CA00A185AC /* DataSourceProtocol.swift */ = {isa = PBXFileReference; lastKnownFileType = sourcecode.swift; path = DataSourceProtocol.swift; sourceTree = "<group>"; };
		95230698271A35FC00A185AC /* RemoteDataSource.swift */ = {isa = PBXFileReference; lastKnownFileType = sourcecode.swift; path = RemoteDataSource.swift; sourceTree = "<group>"; };
		9523069A271A362200A185AC /* MockDataSource.swift */ = {isa = PBXFileReference; lastKnownFileType = sourcecode.swift; path = MockDataSource.swift; sourceTree = "<group>"; };
		9523069C271A36CB00A185AC /* OrganizationListVC.swift */ = {isa = PBXFileReference; lastKnownFileType = sourcecode.swift; path = OrganizationListVC.swift; sourceTree = "<group>"; };
		98249C2356CD922EE8E453B3 /* Pods-donAIte.release.xcconfig */ = {isa = PBXFileReference; includeInIndex = 1; lastKnownFileType = text.xcconfig; name = "Pods-donAIte.release.xcconfig"; path = "Target Support Files/Pods-donAIte/Pods-donAIte.release.xcconfig"; sourceTree = "<group>"; };
		D781FD8C50FAAA637636FB90 /* Pods_donAIte.framework */ = {isa = PBXFileReference; explicitFileType = wrapper.framework; includeInIndex = 0; path = Pods_donAIte.framework; sourceTree = BUILT_PRODUCTS_DIR; };
		DA491AED189B0638FD807837 /* Pods-donAIte.debug.xcconfig */ = {isa = PBXFileReference; includeInIndex = 1; lastKnownFileType = text.xcconfig; name = "Pods-donAIte.debug.xcconfig"; path = "Target Support Files/Pods-donAIte/Pods-donAIte.debug.xcconfig"; sourceTree = "<group>"; };
/* End PBXFileReference section */

/* Begin PBXFrameworksBuildPhase section */
		95230677271A321500A185AC /* Frameworks */ = {
			isa = PBXFrameworksBuildPhase;
			buildActionMask = 2147483647;
			files = (
				ED4F096C13715682D44674DB /* Pods_donAIte.framework in Frameworks */,
			);
			runOnlyForDeploymentPostprocessing = 0;
		};
/* End PBXFrameworksBuildPhase section */

/* Begin PBXGroup section */
		1CAE6A48A9498C960B688792 /* Pods */ = {
			isa = PBXGroup;
			children = (
				DA491AED189B0638FD807837 /* Pods-donAIte.debug.xcconfig */,
				98249C2356CD922EE8E453B3 /* Pods-donAIte.release.xcconfig */,
			);
			path = Pods;
			sourceTree = "<group>";
		};
		95230671271A321500A185AC = {
			isa = PBXGroup;
			children = (
				9523067C271A321500A185AC /* donAIte */,
				9523067B271A321500A185AC /* Products */,
				1CAE6A48A9498C960B688792 /* Pods */,
				EFC74ED2A9D8E379319AAD23 /* Frameworks */,
			);
			sourceTree = "<group>";
		};
		9523067B271A321500A185AC /* Products */ = {
			isa = PBXGroup;
			children = (
				9523067A271A321500A185AC /* donAIte.app */,
			);
			name = Products;
			sourceTree = "<group>";
		};
		9523067C271A321500A185AC /* donAIte */ = {
			isa = PBXGroup;
			children = (
				95230693271A351300A185AC /* UI */,
				95230692271A350100A185AC /* Data */,
				95230691271A34B000A185AC /* Model */,
				9523067D271A321500A185AC /* AppDelegate.swift */,
				9523067F271A321500A185AC /* SceneDelegate.swift */,
				95230681271A321500A185AC /* ViewController.swift */,
				95230686271A321600A185AC /* Assets.xcassets */,
				9523068B271A321600A185AC /* Info.plist */,
			);
			path = donAIte;
			sourceTree = "<group>";
		};
		95230691271A34B000A185AC /* Model */ = {
			isa = PBXGroup;
			children = (
				95230694271A353B00A185AC /* Organization.swift */,
			);
			path = Model;
			sourceTree = "<group>";
		};
		95230692271A350100A185AC /* Data */ = {
			isa = PBXGroup;
			children = (
				95230696271A35CA00A185AC /* DataSourceProtocol.swift */,
				95230698271A35FC00A185AC /* RemoteDataSource.swift */,
				9523069A271A362200A185AC /* MockDataSource.swift */,
			);
			path = Data;
			sourceTree = "<group>";
		};
		95230693271A351300A185AC /* UI */ = {
			isa = PBXGroup;
			children = (
				9523069C271A36CB00A185AC /* OrganizationListVC.swift */,
			);
			path = UI;
			sourceTree = "<group>";
		};
		EFC74ED2A9D8E379319AAD23 /* Frameworks */ = {
			isa = PBXGroup;
			children = (
				D781FD8C50FAAA637636FB90 /* Pods_donAIte.framework */,
			);
			name = Frameworks;
			sourceTree = "<group>";
		};
/* End PBXGroup section */

/* Begin PBXNativeTarget section */
		95230679271A321500A185AC /* donAIte */ = {
			isa = PBXNativeTarget;
			buildConfigurationList = 9523068E271A321600A185AC /* Build configuration list for PBXNativeTarget "donAIte" */;
			buildPhases = (
				069C795FB9376A8958437BE5 /* [CP] Check Pods Manifest.lock */,
				95230676271A321500A185AC /* Sources */,
				95230677271A321500A185AC /* Frameworks */,
				95230678271A321500A185AC /* Resources */,
				6CF3882B80E5F38E1501EFFB /* [CP] Embed Pods Frameworks */,
			);
			buildRules = (
			);
			dependencies = (
			);
			name = donAIte;
			productName = donAIte;
			productReference = 9523067A271A321500A185AC /* donAIte.app */;
			productType = "com.apple.product-type.application";
		};
/* End PBXNativeTarget section */

/* Begin PBXProject section */
		95230672271A321500A185AC /* Project object */ = {
			isa = PBXProject;
			attributes = {
				BuildIndependentTargetsInParallel = 1;
				LastSwiftUpdateCheck = 1300;
				LastUpgradeCheck = 1300;
				TargetAttributes = {
					95230679271A321500A185AC = {
						CreatedOnToolsVersion = 13.0;
					};
				};
			};
			buildConfigurationList = 95230675271A321500A185AC /* Build configuration list for PBXProject "donAIte" */;
			compatibilityVersion = "Xcode 13.0";
			developmentRegion = en;
			hasScannedForEncodings = 0;
			knownRegions = (
				en,
				Base,
			);
			mainGroup = 95230671271A321500A185AC;
			productRefGroup = 9523067B271A321500A185AC /* Products */;
			projectDirPath = "";
			projectRoot = "";
			targets = (
				95230679271A321500A185AC /* donAIte */,
			);
		};
/* End PBXProject section */

/* Begin PBXResourcesBuildPhase section */
		95230678271A321500A185AC /* Resources */ = {
			isa = PBXResourcesBuildPhase;
			buildActionMask = 2147483647;
			files = (
				95230687271A321600A185AC /* Assets.xcassets in Resources */,
			);
			runOnlyForDeploymentPostprocessing = 0;
		};
/* End PBXResourcesBuildPhase section */

/* Begin PBXShellScriptBuildPhase section */
		069C795FB9376A8958437BE5 /* [CP] Check Pods Manifest.lock */ = {
			isa = PBXShellScriptBuildPhase;
			buildActionMask = 2147483647;
			files = (
			);
			inputFileListPaths = (
			);
			inputPaths = (
				"${PODS_PODFILE_DIR_PATH}/Podfile.lock",
				"${PODS_ROOT}/Manifest.lock",
			);
			name = "[CP] Check Pods Manifest.lock";
			outputFileListPaths = (
			);
			outputPaths = (
				"$(DERIVED_FILE_DIR)/Pods-donAIte-checkManifestLockResult.txt",
			);
			runOnlyForDeploymentPostprocessing = 0;
			shellPath = /bin/sh;
			shellScript = "diff \"${PODS_PODFILE_DIR_PATH}/Podfile.lock\" \"${PODS_ROOT}/Manifest.lock\" > /dev/null\nif [ $? != 0 ] ; then\n    # print error to STDERR\n    echo \"error: The sandbox is not in sync with the Podfile.lock. Run 'pod install' or update your CocoaPods installation.\" >&2\n    exit 1\nfi\n# This output is used by Xcode 'outputs' to avoid re-running this script phase.\necho \"SUCCESS\" > \"${SCRIPT_OUTPUT_FILE_0}\"\n";
			showEnvVarsInLog = 0;
		};
		6CF3882B80E5F38E1501EFFB /* [CP] Embed Pods Frameworks */ = {
			isa = PBXShellScriptBuildPhase;
			buildActionMask = 2147483647;
			files = (
			);
			inputFileListPaths = (
				"${PODS_ROOT}/Target Support Files/Pods-donAIte/Pods-donAIte-frameworks-${CONFIGURATION}-input-files.xcfilelist",
			);
			name = "[CP] Embed Pods Frameworks";
			outputFileListPaths = (
				"${PODS_ROOT}/Target Support Files/Pods-donAIte/Pods-donAIte-frameworks-${CONFIGURATION}-output-files.xcfilelist",
			);
			runOnlyForDeploymentPostprocessing = 0;
			shellPath = /bin/sh;
			shellScript = "\"${PODS_ROOT}/Target Support Files/Pods-donAIte/Pods-donAIte-frameworks.sh\"\n";
			showEnvVarsInLog = 0;
		};
/* End PBXShellScriptBuildPhase section */

/* Begin PBXSourcesBuildPhase section */
		95230676271A321500A185AC /* Sources */ = {
			isa = PBXSourcesBuildPhase;
			buildActionMask = 2147483647;
			files = (
				9523069B271A362200A185AC /* MockDataSource.swift in Sources */,
				95230682271A321500A185AC /* ViewController.swift in Sources */,
				9523067E271A321500A185AC /* AppDelegate.swift in Sources */,
				95230697271A35CA00A185AC /* DataSourceProtocol.swift in Sources */,
				95230695271A353B00A185AC /* Organization.swift in Sources */,
				9523069D271A36CB00A185AC /* OrganizationListVC.swift in Sources */,
				95230699271A35FC00A185AC /* RemoteDataSource.swift in Sources */,
				95230680271A321500A185AC /* SceneDelegate.swift in Sources */,
			);
			runOnlyForDeploymentPostprocessing = 0;
		};
/* End PBXSourcesBuildPhase section */

/* Begin XCBuildConfiguration section */
		9523068C271A321600A185AC /* Debug */ = {
			isa = XCBuildConfiguration;
			buildSettings = {
				ALWAYS_SEARCH_USER_PATHS = NO;
				CLANG_ANALYZER_NONNULL = YES;
				CLANG_ANALYZER_NUMBER_OBJECT_CONVERSION = YES_AGGRESSIVE;
				CLANG_CXX_LANGUAGE_STANDARD = "gnu++17";
				CLANG_CXX_LIBRARY = "libc++";
				CLANG_ENABLE_MODULES = YES;
				CLANG_ENABLE_OBJC_ARC = YES;
				CLANG_ENABLE_OBJC_WEAK = YES;
				CLANG_WARN_BLOCK_CAPTURE_AUTORELEASING = YES;
				CLANG_WARN_BOOL_CONVERSION = YES;
				CLANG_WARN_COMMA = YES;
				CLANG_WARN_CONSTANT_CONVERSION = YES;
				CLANG_WARN_DEPRECATED_OBJC_IMPLEMENTATIONS = YES;
				CLANG_WARN_DIRECT_OBJC_ISA_USAGE = YES_ERROR;
				CLANG_WARN_DOCUMENTATION_COMMENTS = YES;
				CLANG_WARN_EMPTY_BODY = YES;
				CLANG_WARN_ENUM_CONVERSION = YES;
				CLANG_WARN_INFINITE_RECURSION = YES;
				CLANG_WARN_INT_CONVERSION = YES;
				CLANG_WARN_NON_LITERAL_NULL_CONVERSION = YES;
				CLANG_WARN_OBJC_IMPLICIT_RETAIN_SELF = YES;
				CLANG_WARN_OBJC_LITERAL_CONVERSION = YES;
				CLANG_WARN_OBJC_ROOT_CLASS = YES_ERROR;
				CLANG_WARN_QUOTED_INCLUDE_IN_FRAMEWORK_HEADER = YES;
				CLANG_WARN_RANGE_LOOP_ANALYSIS = YES;
				CLANG_WARN_STRICT_PROTOTYPES = YES;
				CLANG_WARN_SUSPICIOUS_MOVE = YES;
				CLANG_WARN_UNGUARDED_AVAILABILITY = YES_AGGRESSIVE;
				CLANG_WARN_UNREACHABLE_CODE = YES;
				CLANG_WARN__DUPLICATE_METHOD_MATCH = YES;
				COPY_PHASE_STRIP = NO;
				DEBUG_INFORMATION_FORMAT = dwarf;
				ENABLE_STRICT_OBJC_MSGSEND = YES;
				ENABLE_TESTABILITY = YES;
				GCC_C_LANGUAGE_STANDARD = gnu11;
				GCC_DYNAMIC_NO_PIC = NO;
				GCC_NO_COMMON_BLOCKS = YES;
				GCC_OPTIMIZATION_LEVEL = 0;
				GCC_PREPROCESSOR_DEFINITIONS = (
					"DEBUG=1",
					"$(inherited)",
				);
				GCC_WARN_64_TO_32_BIT_CONVERSION = YES;
				GCC_WARN_ABOUT_RETURN_TYPE = YES_ERROR;
				GCC_WARN_UNDECLARED_SELECTOR = YES;
				GCC_WARN_UNINITIALIZED_AUTOS = YES_AGGRESSIVE;
				GCC_WARN_UNUSED_FUNCTION = YES;
				GCC_WARN_UNUSED_VARIABLE = YES;
				IPHONEOS_DEPLOYMENT_TARGET = 15.0;
				MTL_ENABLE_DEBUG_INFO = INCLUDE_SOURCE;
				MTL_FAST_MATH = YES;
				ONLY_ACTIVE_ARCH = YES;
				SDKROOT = iphoneos;
				SWIFT_ACTIVE_COMPILATION_CONDITIONS = DEBUG;
				SWIFT_OPTIMIZATION_LEVEL = "-Onone";
			};
			name = Debug;
		};
		9523068D271A321600A185AC /* Release */ = {
			isa = XCBuildConfiguration;
			buildSettings = {
				ALWAYS_SEARCH_USER_PATHS = NO;
				CLANG_ANALYZER_NONNULL = YES;
				CLANG_ANALYZER_NUMBER_OBJECT_CONVERSION = YES_AGGRESSIVE;
				CLANG_CXX_LANGUAGE_STANDARD = "gnu++17";
				CLANG_CXX_LIBRARY = "libc++";
				CLANG_ENABLE_MODULES = YES;
				CLANG_ENABLE_OBJC_ARC = YES;
				CLANG_ENABLE_OBJC_WEAK = YES;
				CLANG_WARN_BLOCK_CAPTURE_AUTORELEASING = YES;
				CLANG_WARN_BOOL_CONVERSION = YES;
				CLANG_WARN_COMMA = YES;
				CLANG_WARN_CONSTANT_CONVERSION = YES;
				CLANG_WARN_DEPRECATED_OBJC_IMPLEMENTATIONS = YES;
				CLANG_WARN_DIRECT_OBJC_ISA_USAGE = YES_ERROR;
				CLANG_WARN_DOCUMENTATION_COMMENTS = YES;
				CLANG_WARN_EMPTY_BODY = YES;
				CLANG_WARN_ENUM_CONVERSION = YES;
				CLANG_WARN_INFINITE_RECURSION = YES;
				CLANG_WARN_INT_CONVERSION = YES;
				CLANG_WARN_NON_LITERAL_NULL_CONVERSION = YES;
				CLANG_WARN_OBJC_IMPLICIT_RETAIN_SELF = YES;
				CLANG_WARN_OBJC_LITERAL_CONVERSION = YES;
				CLANG_WARN_OBJC_ROOT_CLASS = YES_ERROR;
				CLANG_WARN_QUOTED_INCLUDE_IN_FRAMEWORK_HEADER = YES;
				CLANG_WARN_RANGE_LOOP_ANALYSIS = YES;
				CLANG_WARN_STRICT_PROTOTYPES = YES;
				CLANG_WARN_SUSPICIOUS_MOVE = YES;
				CLANG_WARN_UNGUARDED_AVAILABILITY = YES_AGGRESSIVE;
				CLANG_WARN_UNREACHABLE_CODE = YES;
				CLANG_WARN__DUPLICATE_METHOD_MATCH = YES;
				COPY_PHASE_STRIP = NO;
				DEBUG_INFORMATION_FORMAT = "dwarf-with-dsym";
				ENABLE_NS_ASSERTIONS = NO;
				ENABLE_STRICT_OBJC_MSGSEND = YES;
				GCC_C_LANGUAGE_STANDARD = gnu11;
				GCC_NO_COMMON_BLOCKS = YES;
				GCC_WARN_64_TO_32_BIT_CONVERSION = YES;
				GCC_WARN_ABOUT_RETURN_TYPE = YES_ERROR;
				GCC_WARN_UNDECLARED_SELECTOR = YES;
				GCC_WARN_UNINITIALIZED_AUTOS = YES_AGGRESSIVE;
				GCC_WARN_UNUSED_FUNCTION = YES;
				GCC_WARN_UNUSED_VARIABLE = YES;
				IPHONEOS_DEPLOYMENT_TARGET = 15.0;
				MTL_ENABLE_DEBUG_INFO = NO;
				MTL_FAST_MATH = YES;
				SDKROOT = iphoneos;
				SWIFT_COMPILATION_MODE = wholemodule;
				SWIFT_OPTIMIZATION_LEVEL = "-O";
				VALIDATE_PRODUCT = YES;
			};
			name = Release;
		};
		9523068F271A321600A185AC /* Debug */ = {
			isa = XCBuildConfiguration;
			baseConfigurationReference = DA491AED189B0638FD807837 /* Pods-donAIte.debug.xcconfig */;
			buildSettings = {
				ASSETCATALOG_COMPILER_APPICON_NAME = AppIcon;
				ASSETCATALOG_COMPILER_GLOBAL_ACCENT_COLOR_NAME = AccentColor;
				CODE_SIGN_STYLE = Automatic;
				CURRENT_PROJECT_VERSION = 1;
				DEVELOPMENT_TEAM = 2QFBB5GSQB;
				GENERATE_INFOPLIST_FILE = YES;
				INFOPLIST_FILE = donAIte/Info.plist;
				INFOPLIST_KEY_UIApplicationSupportsIndirectInputEvents = YES;
				INFOPLIST_KEY_UILaunchStoryboardName = LaunchScreen;
				INFOPLIST_KEY_UIMainStoryboardFile = Main;
				INFOPLIST_KEY_UISupportedInterfaceOrientations_iPad = "UIInterfaceOrientationPortrait UIInterfaceOrientationPortraitUpsideDown UIInterfaceOrientationLandscapeLeft UIInterfaceOrientationLandscapeRight";
				INFOPLIST_KEY_UISupportedInterfaceOrientations_iPhone = "UIInterfaceOrientationPortrait UIInterfaceOrientationLandscapeLeft UIInterfaceOrientationLandscapeRight";
				LD_RUNPATH_SEARCH_PATHS = (
					"$(inherited)",
					"@executable_path/Frameworks",
				);
				MARKETING_VERSION = 1.0;
				PRODUCT_BUNDLE_IDENTIFIER = com.darii.donAIte;
				PRODUCT_NAME = "$(TARGET_NAME)";
				SWIFT_EMIT_LOC_STRINGS = YES;
				SWIFT_VERSION = 5.0;
				TARGETED_DEVICE_FAMILY = "1,2";
			};
			name = Debug;
		};
		95230690271A321600A185AC /* Release */ = {
			isa = XCBuildConfiguration;
			baseConfigurationReference = 98249C2356CD922EE8E453B3 /* Pods-donAIte.release.xcconfig */;
			buildSettings = {
				ASSETCATALOG_COMPILER_APPICON_NAME = AppIcon;
				ASSETCATALOG_COMPILER_GLOBAL_ACCENT_COLOR_NAME = AccentColor;
				CODE_SIGN_STYLE = Automatic;
				CURRENT_PROJECT_VERSION = 1;
				DEVELOPMENT_TEAM = 2QFBB5GSQB;
				GENERATE_INFOPLIST_FILE = YES;
				INFOPLIST_FILE = donAIte/Info.plist;
				INFOPLIST_KEY_UIApplicationSupportsIndirectInputEvents = YES;
				INFOPLIST_KEY_UILaunchStoryboardName = LaunchScreen;
				INFOPLIST_KEY_UIMainStoryboardFile = Main;
				INFOPLIST_KEY_UISupportedInterfaceOrientations_iPad = "UIInterfaceOrientationPortrait UIInterfaceOrientationPortraitUpsideDown UIInterfaceOrientationLandscapeLeft UIInterfaceOrientationLandscapeRight";
				INFOPLIST_KEY_UISupportedInterfaceOrientations_iPhone = "UIInterfaceOrientationPortrait UIInterfaceOrientationLandscapeLeft UIInterfaceOrientationLandscapeRight";
				LD_RUNPATH_SEARCH_PATHS = (
					"$(inherited)",
					"@executable_path/Frameworks",
				);
				MARKETING_VERSION = 1.0;
				PRODUCT_BUNDLE_IDENTIFIER = com.darii.donAIte;
				PRODUCT_NAME = "$(TARGET_NAME)";
				SWIFT_EMIT_LOC_STRINGS = YES;
				SWIFT_VERSION = 5.0;
				TARGETED_DEVICE_FAMILY = "1,2";
			};
			name = Release;
		};
/* End XCBuildConfiguration section */

/* Begin XCConfigurationList section */
		95230675271A321500A185AC /* Build configuration list for PBXProject "donAIte" */ = {
			isa = XCConfigurationList;
			buildConfigurations = (
				9523068C271A321600A185AC /* Debug */,
				9523068D271A321600A185AC /* Release */,
			);
			defaultConfigurationIsVisible = 0;
			defaultConfigurationName = Release;
		};
		9523068E271A321600A185AC /* Build configuration list for PBXNativeTarget "donAIte" */ = {
			isa = XCConfigurationList;
			buildConfigurations = (
				9523068F271A321600A185AC /* Debug */,
				95230690271A321600A185AC /* Release */,
			);
			defaultConfigurationIsVisible = 0;
			defaultConfigurationName = Release;
		};
/* End XCConfigurationList section */
	};
	rootObject = 95230672271A321500A185AC /* Project object */;
}
